
Microsoft Visual Studio Solution File, Format Version 12.00
# Visual Studio Version 17
VisualStudioVersion = 17.0.31903.59
MinimumVisualStudioVersion = 10.0.40219.1
Project("{2150E333-8FDC-42A3-9474-1A3956D46DE8}") = "src", "src", "{827E0CD3-B72D-47B6-A68D-7590B98EB39B}"
EndProject
Project("{FAE04EC0-301F-11D3-BF4B-00C04F79EFBC}") = "CapIT.Core", "src\CapIT.Core\CapIT.Core.csproj", "{E3017683-EBA7-4A45-A27B-C5CA01D36B3A}"
EndProject
Project("{FAE04EC0-301F-11D3-BF4B-00C04F79EFBC}") = "CapIT.Infrastructure.Windows", "src\CapIT.Infrastructure.Windows\CapIT.Infrastructure.Windows.csproj", "{6FFE59F9-8EDD-49B1-A709-A4BE031715FF}"
EndProject
Project("{FAE04EC0-301F-11D3-BF4B-00C04F79EFBC}") = "CapIT.Desktop", "src\CapIT.Desktop\CapIT.Desktop.csproj", "{7A38EAF0-AEC6-426F-B3B7-25977A5320F9}"
EndProject
Project("{2150E333-8FDC-42A3-9474-1A3956D46DE8}") = "Tests", "Tests", "{0AB3BF05-4346-4AA6-1389-037BE0695223}"
EndProject
Project("{FAE04EC0-301F-11D3-BF4B-00C04F79EFBC}") = "CompositionChecks", "Tests\CompositionChecks\CompositionChecks.csproj", "{C7FB1167-44F5-40DD-9A05-8B6FC3712CD9}"
EndProject
Project("{FAE04EC0-301F-11D3-BF4B-00C04F79EFBC}") = "RecordingChecks", "Tests\RecordingChecks\RecordingChecks.csproj", "{114BAD76-725A-436C-863D-C2EDAD8C28E2}"
EndProject
Global
	GlobalSection(SolutionConfigurationPlatforms) = preSolution
		Debug|Any CPU = Debug|Any CPU
		Debug|x64 = Debug|x64
		Debug|x86 = Debug|x86
		Release|Any CPU = Release|Any CPU
		Release|x64 = Release|x64
		Release|x86 = Release|x86
	EndGlobalSection
	GlobalSection(ProjectConfigurationPlatforms) = postSolution
		{E3017683-EBA7-4A45-A27B-C5CA01D36B3A}.Debug|Any CPU.ActiveCfg = Debug|Any CPU
		{E3017683-EBA7-4A45-A27B-C5CA01D36B3A}.Debug|Any CPU.Build.0 = Debug|Any CPU
		{E3017683-EBA7-4A45-A27B-C5CA01D36B3A}.Debug|x64.ActiveCfg = Debug|Any CPU
		{E3017683-EBA7-4A45-A27B-C5CA01D36B3A}.Debug|x64.Build.0 = Debug|Any CPU
		{E3017683-EBA7-4A45-A27B-C5CA01D36B3A}.Debug|x86.ActiveCfg = Debug|Any CPU
		{E3017683-EBA7-4A45-A27B-C5CA01D36B3A}.Debug|x86.Build.0 = Debug|Any CPU
		{E3017683-EBA7-4A45-A27B-C5CA01D36B3A}.Release|Any CPU.ActiveCfg = Release|Any CPU
		{E3017683-EBA7-4A45-A27B-C5CA01D36B3A}.Release|Any CPU.Build.0 = Release|Any CPU
		{E3017683-EBA7-4A45-A27B-C5CA01D36B3A}.Release|x64.ActiveCfg = Release|Any CPU
		{E3017683-EBA7-4A45-A27B-C5CA01D36B3A}.Release|x64.Build.0 = Release|Any CPU
		{E3017683-EBA7-4A45-A27B-C5CA01D36B3A}.Release|x86.ActiveCfg = Release|Any CPU
		{E3017683-EBA7-4A45-A27B-C5CA01D36B3A}.Release|x86.Build.0 = Release|Any CPU
		{6FFE59F9-8EDD-49B1-A709-A4BE031715FF}.Debug|Any CPU.ActiveCfg = Debug|Any CPU
		{6FFE59F9-8EDD-49B1-A709-A4BE031715FF}.Debug|Any CPU.Build.0 = Debug|Any CPU
		{6FFE59F9-8EDD-49B1-A709-A4BE031715FF}.Debug|x64.ActiveCfg = Debug|Any CPU
		{6FFE59F9-8EDD-49B1-A709-A4BE031715FF}.Debug|x64.Build.0 = Debug|Any CPU
		{6FFE59F9-8EDD-49B1-A709-A4BE031715FF}.Debug|x86.ActiveCfg = Debug|Any CPU
		{6FFE59F9-8EDD-49B1-A709-A4BE031715FF}.Debug|x86.Build.0 = Debug|Any CPU
		{6FFE59F9-8EDD-49B1-A709-A4BE031715FF}.Release|Any CPU.ActiveCfg = Release|Any CPU
		{6FFE59F9-8EDD-49B1-A709-A4BE031715FF}.Release|Any CPU.Build.0 = Release|Any CPU
		{6FFE59F9-8EDD-49B1-A709-A4BE031715FF}.Release|x64.ActiveCfg = Release|Any CPU
		{6FFE59F9-8EDD-49B1-A709-A4BE031715FF}.Release|x64.Build.0 = Release|Any CPU
		{6FFE59F9-8EDD-49B1-A709-A4BE031715FF}.Release|x86.ActiveCfg = Release|Any CPU
		{6FFE59F9-8EDD-49B1-A709-A4BE031715FF}.Release|x86.Build.0 = Release|Any CPU
		{7A38EAF0-AEC6-426F-B3B7-25977A5320F9}.Debug|Any CPU.ActiveCfg = Debug|Any CPU
		{7A38EAF0-AEC6-426F-B3B7-25977A5320F9}.Debug|Any CPU.Build.0 = Debug|Any CPU
		{7A38EAF0-AEC6-426F-B3B7-25977A5320F9}.Debug|x64.ActiveCfg = Debug|Any CPU
		{7A38EAF0-AEC6-426F-B3B7-25977A5320F9}.Debug|x64.Build.0 = Debug|Any CPU
		{7A38EAF0-AEC6-426F-B3B7-25977A5320F9}.Debug|x86.ActiveCfg = Debug|Any CPU
		{7A38EAF0-AEC6-426F-B3B7-25977A5320F9}.Debug|x86.Build.0 = Debug|Any CPU
		{7A38EAF0-AEC6-426F-B3B7-25977A5320F9}.Release|Any CPU.ActiveCfg = Release|Any CPU
		{7A38EAF0-AEC6-426F-B3B7-25977A5320F9}.Release|Any CPU.Build.0 = Release|Any CPU
		{7A38EAF0-AEC6-426F-B3B7-25977A5320F9}.Release|x64.ActiveCfg = Release|Any CPU
		{7A38EAF0-AEC6-426F-B3B7-25977A5320F9}.Release|x64.Build.0 = Release|Any CPU
		{7A38EAF0-AEC6-426F-B3B7-25977A5320F9}.Release|x86.ActiveCfg = Release|Any CPU
		{7A38EAF0-AEC6-426F-B3B7-25977A5320F9}.Release|x86.Build.0 = Release|Any CPU
		{C7FB1167-44F5-40DD-9A05-8B6FC3712CD9}.Debug|Any CPU.ActiveCfg = Debug|Any CPU
		{C7FB1167-44F5-40DD-9A05-8B6FC3712CD9}.Debug|Any CPU.Build.0 = Debug|Any CPU
		{C7FB1167-44F5-40DD-9A05-8B6FC3712CD9}.Debug|x64.ActiveCfg = Debug|Any CPU
		{C7FB1167-44F5-40DD-9A05-8B6FC3712CD9}.Debug|x64.Build.0 = Debug|Any CPU
		{C7FB1167-44F5-40DD-9A05-8B6FC3712CD9}.Debug|x86.ActiveCfg = Debug|Any CPU
		{C7FB1167-44F5-40DD-9A05-8B6FC3712CD9}.Debug|x86.Build.0 = Debug|Any CPU
		{C7FB1167-44F5-40DD-9A05-8B6FC3712CD9}.Release|Any CPU.ActiveCfg = Release|Any CPU
		{C7FB1167-44F5-40DD-9A05-8B6FC3712CD9}.Release|Any CPU.Build.0 = Release|Any CPU
		{C7FB1167-44F5-40DD-9A05-8B6FC3712CD9}.Release|x64.ActiveCfg = Release|Any CPU
		{C7FB1167-44F5-40DD-9A05-8B6FC3712CD9}.Release|x64.Build.0 = Release|Any CPU
		{C7FB1167-44F5-40DD-9A05-8B6FC3712CD9}.Release|x86.ActiveCfg = Release|Any CPU
		{C7FB1167-44F5-40DD-9A05-8B6FC3712CD9}.Release|x86.Build.0 = Release|Any CPU
		{114BAD76-725A-436C-863D-C2EDAD8C28E2}.Debug|Any CPU.ActiveCfg = Debug|Any CPU
		{114BAD76-725A-436C-863D-C2EDAD8C28E2}.Debug|Any CPU.Build.0 = Debug|Any CPU
		{114BAD76-725A-436C-863D-C2EDAD8C28E2}.Debug|x64.ActiveCfg = Debug|Any CPU
		{114BAD76-725A-436C-863D-C2EDAD8C28E2}.Debug|x64.Build.0 = Debug|Any CPU
		{114BAD76-725A-436C-863D-C2EDAD8C28E2}.Debug|x86.ActiveCfg = Debug|Any CPU
		{114BAD76-725A-436C-863D-C2EDAD8C28E2}.Debug|x86.Build.0 = Debug|Any CPU
		{114BAD76-725A-436C-863D-C2EDAD8C28E2}.Release|Any CPU.ActiveCfg = Release|Any CPU
		{114BAD76-725A-436C-863D-C2EDAD8C28E2}.Release|Any CPU.Build.0 = Release|Any CPU
		{114BAD76-725A-436C-863D-C2EDAD8C28E2}.Release|x64.ActiveCfg = Release|Any CPU
		{114BAD76-725A-436C-863D-C2EDAD8C28E2}.Release|x64.Build.0 = Release|Any CPU
		{114BAD76-725A-436C-863D-C2EDAD8C28E2}.Release|x86.ActiveCfg = Release|Any CPU
		{114BAD76-725A-436C-863D-C2EDAD8C28E2}.Release|x86.Build.0 = Release|Any CPU
	EndGlobalSection
	GlobalSection(SolutionProperties) = preSolution
		HideSolutionNode = FALSE
	EndGlobalSection
	GlobalSection(NestedProjects) = preSolution
		{E3017683-EBA7-4A45-A27B-C5CA01D36B3A} = {827E0CD3-B72D-47B6-A68D-7590B98EB39B}
		{6FFE59F9-8EDD-49B1-A709-A4BE031715FF} = {827E0CD3-B72D-47B6-A68D-7590B98EB39B}
		{7A38EAF0-AEC6-426F-B3B7-25977A5320F9} = {827E0CD3-B72D-47B6-A68D-7590B98EB39B}
		{C7FB1167-44F5-40DD-9A05-8B6FC3712CD9} = {0AB3BF05-4346-4AA6-1389-037BE0695223}
		{114BAD76-725A-436C-863D-C2EDAD8C28E2} = {0AB3BF05-4346-4AA6-1389-037BE0695223}
	EndGlobalSection
EndGlobal
